// !$*UTF8*$!
{
	archiveVersion = 1;
	classes = {
	};
	objectVersion = 50;
	objects = {

/* Begin PBXBuildFile section */
		E00CDC98262E200D005991F1 /* MKPointAnnotation-Codable.swift in Sources */ = {isa = PBXBuildFile; fileRef = E00CDC97262E200D005991F1 /* MKPointAnnotation-Codable.swift */; };
		E024AD53262764390045258A /* MKPointAnnotation-Object.swift in Sources */ = {isa = PBXBuildFile; fileRef = E024AD52262764390045258A /* MKPointAnnotation-Object.swift */; };
		E024AD56262764E20045258A /* EditView.swift in Sources */ = {isa = PBXBuildFile; fileRef = E024AD55262764E20045258A /* EditView.swift */; };
		E024AD59262766BE0045258A /* Result.swift in Sources */ = {isa = PBXBuildFile; fileRef = E024AD58262766BE0045258A /* Result.swift */; };
		E032508A2623941300CBAC90 /* AppDelegate.swift in Sources */ = {isa = PBXBuildFile; fileRef = E03250892623941300CBAC90 /* AppDelegate.swift */; };
		E032508C2623941300CBAC90 /* SceneDelegate.swift in Sources */ = {isa = PBXBuildFile; fileRef = E032508B2623941300CBAC90 /* SceneDelegate.swift */; };
		E032508E2623941300CBAC90 /* ContentView.swift in Sources */ = {isa = PBXBuildFile; fileRef = E032508D2623941300CBAC90 /* ContentView.swift */; };
		E03250902623941400CBAC90 /* Assets.xcassets in Resources */ = {isa = PBXBuildFile; fileRef = E032508F2623941400CBAC90 /* Assets.xcassets */; };
		E03250932623941400CBAC90 /* Preview Assets.xcassets in Resources */ = {isa = PBXBuildFile; fileRef = E03250922623941400CBAC90 /* Preview Assets.xcassets */; };
		E03250962623941400CBAC90 /* LaunchScreen.storyboard in Resources */ = {isa = PBXBuildFile; fileRef = E03250942623941400CBAC90 /* LaunchScreen.storyboard */; };
		E06316412625B55A00D44E10 /* MapView.swift in Sources */ = {isa = PBXBuildFile; fileRef = E06316402625B55A00D44E10 /* MapView.swift */; };
		E096FF98262F360E0011BC92 /* AccessView.swift in Sources */ = {isa = PBXBuildFile; fileRef = E096FF97262F360E0011BC92 /* AccessView.swift */; };
/* End PBXBuildFile section */

/* Begin PBXFileReference section */
		E00CDC97262E200D005991F1 /* MKPointAnnotation-Codable.swift */ = {isa = PBXFileReference; lastKnownFileType = sourcecode.swift; path = "MKPointAnnotation-Codable.swift"; sourceTree = "<group>"; };
		E024AD52262764390045258A /* MKPointAnnotation-Object.swift */ = {isa = PBXFileReference; lastKnownFileType = sourcecode.swift; path = "MKPointAnnotation-Object.swift"; sourceTree = "<group>"; };
		E024AD55262764E20045258A /* EditView.swift */ = {isa = PBXFileReference; lastKnownFileType = sourcecode.swift; path = EditView.swift; sourceTree = "<group>"; };
		E024AD58262766BE0045258A /* Result.swift */ = {isa = PBXFileReference; lastKnownFileType = sourcecode.swift; path = Result.swift; sourceTree = "<group>"; };
		E03250862623941300CBAC90 /* BucketList Examples.app */ = {isa = PBXFileReference; explicitFileType = wrapper.application; includeInIndex = 0; path = "BucketList Examples.app"; sourceTree = BUILT_PRODUCTS_DIR; };
		E03250892623941300CBAC90 /* AppDelegate.swift */ = {isa = PBXFileReference; lastKnownFileType = sourcecode.swift; path = AppDelegate.swift; sourceTree = "<group>"; };
		E032508B2623941300CBAC90 /* SceneDelegate.swift */ = {isa = PBXFileReference; lastKnownFileType = sourcecode.swift; path = SceneDelegate.swift; sourceTree = "<group>"; };
		E032508D2623941300CBAC90 /* ContentView.swift */ = {isa = PBXFileReference; lastKnownFileType = sourcecode.swift; path = ContentView.swift; sourceTree = "<group>"; };
		E032508F2623941400CBAC90 /* Assets.xcassets */ = {isa = PBXFileReference; lastKnownFileType = folder.assetcatalog; path = Assets.xcassets; sourceTree = "<group>"; };
		E03250922623941400CBAC90 /* Preview Assets.xcassets */ = {isa = PBXFileReference; lastKnownFileType = folder.assetcatalog; path = "Preview Assets.xcassets"; sourceTree = "<group>"; };
		E03250952623941400CBAC90 /* Base */ = {isa = PBXFileReference; lastKnownFileType = file.storyboard; name = Base; path = Base.lproj/LaunchScreen.storyboard; sourceTree = "<group>"; };
		E03250972623941400CBAC90 /* Info.plist */ = {isa = PBXFileReference; lastKnownFileType = text.plist.xml; path = Info.plist; sourceTree = "<group>"; };
		E06316402625B55A00D44E10 /* MapView.swift */ = {isa = PBXFileReference; lastKnownFileType = sourcecode.swift; path = MapView.swift; sourceTree = "<group>"; };
		E096FF97262F360E0011BC92 /* AccessView.swift */ = {isa = PBXFileReference; lastKnownFileType = sourcecode.swift; path = AccessView.swift; sourceTree = "<group>"; };
/* End PBXFileReference section */

/* Begin PBXFrameworksBuildPhase section */
		E03250832623941300CBAC90 /* Frameworks */ = {
			isa = PBXFrameworksBuildPhase;
			buildActionMask = 2147483647;
			files = (
			);
			runOnlyForDeploymentPostprocessing = 0;
		};
/* End PBXFrameworksBuildPhase section */

/* Begin PBXGroup section */
		E032507D2623941300CBAC90 = {
			isa = PBXGroup;
			children = (
				E03250882623941300CBAC90 /* BucketList Examples */,
				E03250872623941300CBAC90 /* Products */,
			);
			sourceTree = "<group>";
		};
		E03250872623941300CBAC90 /* Products */ = {
			isa = PBXGroup;
			children = (
				E03250862623941300CBAC90 /* BucketList Examples.app */,
			);
			name = Products;
			sourceTree = "<group>";
		};
		E03250882623941300CBAC90 /* BucketList Examples */ = {
			isa = PBXGroup;
			children = (
				E03250892623941300CBAC90 /* AppDelegate.swift */,
				E032508B2623941300CBAC90 /* SceneDelegate.swift */,
				E032508D2623941300CBAC90 /* ContentView.swift */,
				E096FF97262F360E0011BC92 /* AccessView.swift */,
				E024AD58262766BE0045258A /* Result.swift */,
				E024AD52262764390045258A /* MKPointAnnotation-Object.swift */,
				E024AD55262764E20045258A /* EditView.swift */,
				E00CDC97262E200D005991F1 /* MKPointAnnotation-Codable.swift */,
				E06316402625B55A00D44E10 /* MapView.swift */,
				E032508F2623941400CBAC90 /* Assets.xcassets */,
				E03250942623941400CBAC90 /* LaunchScreen.storyboard */,
				E03250972623941400CBAC90 /* Info.plist */,
				E03250912623941400CBAC90 /* Preview Content */,
			);
			path = "BucketList Examples";
			sourceTree = "<group>";
		};
		E03250912623941400CBAC90 /* Preview Content */ = {
			isa = PBXGroup;
			children = (
				E03250922623941400CBAC90 /* Preview Assets.xcassets */,
			);
			path = "Preview Content";
			sourceTree = "<group>";
		};
/* End PBXGroup section */

/* Begin PBXNativeTarget section */
		E03250852623941300CBAC90 /* BucketList Examples */ = {
			isa = PBXNativeTarget;
			buildConfigurationList = E032509A2623941400CBAC90 /* Build configuration list for PBXNativeTarget "BucketList Examples" */;
			buildPhases = (
				E03250822623941300CBAC90 /* Sources */,
				E03250832623941300CBAC90 /* Frameworks */,
				E03250842623941300CBAC90 /* Resources */,
			);
			buildRules = (
			);
			dependencies = (
			);
			name = "BucketList Examples";
			productName = "BucketList Examples";
			productReference = E03250862623941300CBAC90 /* BucketList Examples.app */;
			productType = "com.apple.product-type.application";
		};
/* End PBXNativeTarget section */

/* Begin PBXProject section */
		E032507E2623941300CBAC90 /* Project object */ = {
			isa = PBXProject;
			attributes = {
				LastSwiftUpdateCheck = 1240;
				LastUpgradeCheck = 1240;
				TargetAttributes = {
					E03250852623941300CBAC90 = {
						CreatedOnToolsVersion = 12.4;
					};
				};
			};
			buildConfigurationList = E03250812623941300CBAC90 /* Build configuration list for PBXProject "BucketList Examples" */;
			compatibilityVersion = "Xcode 9.3";
			developmentRegion = en;
			hasScannedForEncodings = 0;
			knownRegions = (
				en,
				Base,
			);
			mainGroup = E032507D2623941300CBAC90;
			productRefGroup = E03250872623941300CBAC90 /* Products */;
			projectDirPath = "";
			projectRoot = "";
			targets = (
				E03250852623941300CBAC90 /* BucketList Examples */,
			);
		};
/* End PBXProject section */

/* Begin PBXResourcesBuildPhase section */
		E03250842623941300CBAC90 /* Resources */ = {
			isa = PBXResourcesBuildPhase;
			buildActionMask = 2147483647;
			files = (
				E03250962623941400CBAC90 /* LaunchScreen.storyboard in Resources */,
				E03250932623941400CBAC90 /* Preview Assets.xcassets in Resources */,
				E03250902623941400CBAC90 /* Assets.xcassets in Resources */,
			);
			runOnlyForDeploymentPostprocessing = 0;
		};
/* End PBXResourcesBuildPhase section */

/* Begin PBXSourcesBuildPhase section */
		E03250822623941300CBAC90 /* Sources */ = {
			isa = PBXSourcesBuildPhase;
			buildActionMask = 2147483647;
			files = (
				E032508A2623941300CBAC90 /* AppDelegate.swift in Sources */,
				E096FF98262F360E0011BC92 /* AccessView.swift in Sources */,
				E06316412625B55A00D44E10 /* MapView.swift in Sources */,
				E024AD56262764E20045258A /* EditView.swift in Sources */,
				E024AD53262764390045258A /* MKPointAnnotation-Object.swift in Sources */,
				E024AD59262766BE0045258A /* Result.swift in Sources */,
				E032508C2623941300CBAC90 /* SceneDelegate.swift in Sources */,
				E00CDC98262E200D005991F1 /* MKPointAnnotation-Codable.swift in Sources */,
				E032508E2623941300CBAC90 /* ContentView.swift in Sources */,
			);
			runOnlyForDeploymentPostprocessing = 0;
		};
/* End PBXSourcesBuildPhase section */

/* Begin PBXVariantGroup section */
		E03250942623941400CBAC90 /* LaunchScreen.storyboard */ = {
			isa = PBXVariantGroup;
			children = (
				E03250952623941400CBAC90 /* Base */,
			);
			name = LaunchScreen.storyboard;
			sourceTree = "<group>";
		};
/* End PBXVariantGroup section */

/* Begin XCBuildConfiguration section */
		E03250982623941400CBAC90 /* Debug */ = {
			isa = XCBuildConfiguration;
			buildSettings = {
				ALWAYS_SEARCH_USER_PATHS = NO;
				CLANG_ANALYZER_NONNULL = YES;
				CLANG_ANALYZER_NUMBER_OBJECT_CONVERSION = YES_AGGRESSIVE;
				CLANG_CXX_LANGUAGE_STANDARD = "gnu++14";
				CLANG_CXX_LIBRARY = "libc++";
				CLANG_ENABLE_MODULES = YES;
				CLANG_ENABLE_OBJC_ARC = YES;
				CLANG_ENABLE_OBJC_WEAK = YES;
				CLANG_WARN_BLOCK_CAPTURE_AUTORELEASING = YES;
				CLANG_WARN_BOOL_CONVERSION = YES;
				CLANG_WARN_COMMA = YES;
				CLANG_WARN_CONSTANT_CONVERSION = YES;
				CLANG_WARN_DEPRECATED_OBJC_IMPLEMENTATIONS = YES;
				CLANG_WARN_DIRECT_OBJC_ISA_USAGE = YES_ERROR;
				CLANG_WARN_DOCUMENTATION_COMMENTS = YES;
				CLANG_WARN_EMPTY_BODY = YES;
				CLANG_WARN_ENUM_CONVERSION = YES;
				CLANG_WARN_INFINITE_RECURSION = YES;
				CLANG_WARN_INT_CONVERSION = YES;
				CLANG_WARN_NON_LITERAL_NULL_CONVERSION = YES;
				CLANG_WARN_OBJC_IMPLICIT_RETAIN_SELF = YES;
				CLANG_WARN_OBJC_LITERAL_CONVERSION = YES;
				CLANG_WARN_OBJC_ROOT_CLASS = YES_ERROR;
				CLANG_WARN_QUOTED_INCLUDE_IN_FRAMEWORK_HEADER = YES;
				CLANG_WARN_RANGE_LOOP_ANALYSIS = YES;
				CLANG_WARN_STRICT_PROTOTYPES = YES;
				CLANG_WARN_SUSPICIOUS_MOVE = YES;
				CLANG_WARN_UNGUARDED_AVAILABILITY = YES_AGGRESSIVE;
				CLANG_WARN_UNREACHABLE_CODE = YES;
				CLANG_WARN__DUPLICATE_METHOD_MATCH = YES;
				COPY_PHASE_STRIP = NO;
				DEBUG_INFORMATION_FORMAT = dwarf;
				ENABLE_STRICT_OBJC_MSGSEND = YES;
				ENABLE_TESTABILITY = YES;
				GCC_C_LANGUAGE_STANDARD = gnu11;
				GCC_DYNAMIC_NO_PIC = NO;
				GCC_NO_COMMON_BLOCKS = YES;
				GCC_OPTIMIZATION_LEVEL = 0;
				GCC_PREPROCESSOR_DEFINITIONS = (
					"DEBUG=1",
					"$(inherited)",
				);
				GCC_WARN_64_TO_32_BIT_CONVERSION = YES;
				GCC_WARN_ABOUT_RETURN_TYPE = YES_ERROR;
				GCC_WARN_UNDECLARED_SELECTOR = YES;
				GCC_WARN_UNINITIALIZED_AUTOS = YES_AGGRESSIVE;
				GCC_WARN_UNUSED_FUNCTION = YES;
				GCC_WARN_UNUSED_VARIABLE = YES;
				IPHONEOS_DEPLOYMENT_TARGET = 14.4;
				MTL_ENABLE_DEBUG_INFO = INCLUDE_SOURCE;
				MTL_FAST_MATH = YES;
				ONLY_ACTIVE_ARCH = YES;
				SDKROOT = iphoneos;
				SWIFT_ACTIVE_COMPILATION_CONDITIONS = DEBUG;
				SWIFT_OPTIMIZATION_LEVEL = "-Onone";
			};
			name = Debug;
		};
		E03250992623941400CBAC90 /* Release */ = {
			isa = XCBuildConfiguration;
			buildSettings = {
				ALWAYS_SEARCH_USER_PATHS = NO;
				CLANG_ANALYZER_NONNULL = YES;
				CLANG_ANALYZER_NUMBER_OBJECT_CONVERSION = YES_AGGRESSIVE;
				CLANG_CXX_LANGUAGE_STANDARD = "gnu++14";
				CLANG_CXX_LIBRARY = "libc++";
				CLANG_ENABLE_MODULES = YES;
				CLANG_ENABLE_OBJC_ARC = YES;
				CLANG_ENABLE_OBJC_WEAK = YES;
				CLANG_WARN_BLOCK_CAPTURE_AUTORELEASING = YES;
				CLANG_WARN_BOOL_CONVERSION = YES;
				CLANG_WARN_COMMA = YES;
				CLANG_WARN_CONSTANT_CONVERSION = YES;
				CLANG_WARN_DEPRECATED_OBJC_IMPLEMENTATIONS = YES;
				CLANG_WARN_DIRECT_OBJC_ISA_USAGE = YES_ERROR;
				CLANG_WARN_DOCUMENTATION_COMMENTS = YES;
				CLANG_WARN_EMPTY_BODY = YES;
				CLANG_WARN_ENUM_CONVERSION = YES;
				CLANG_WARN_INFINITE_RECURSION = YES;
				CLANG_WARN_INT_CONVERSION = YES;
				CLANG_WARN_NON_LITERAL_NULL_CONVERSION = YES;
				CLANG_WARN_OBJC_IMPLICIT_RETAIN_SELF = YES;
				CLANG_WARN_OBJC_LITERAL_CONVERSION = YES;
				CLANG_WARN_OBJC_ROOT_CLASS = YES_ERROR;
				CLANG_WARN_QUOTED_INCLUDE_IN_FRAMEWORK_HEADER = YES;
				CLANG_WARN_RANGE_LOOP_ANALYSIS = YES;
				CLANG_WARN_STRICT_PROTOTYPES = YES;
				CLANG_WARN_SUSPICIOUS_MOVE = YES;
				CLANG_WARN_UNGUARDED_AVAILABILITY = YES_AGGRESSIVE;
				CLANG_WARN_UNREACHABLE_CODE = YES;
				CLANG_WARN__DUPLICATE_METHOD_MATCH = YES;
				COPY_PHASE_STRIP = NO;
				DEBUG_INFORMATION_FORMAT = "dwarf-with-dsym";
				ENABLE_NS_ASSERTIONS = NO;
				ENABLE_STRICT_OBJC_MSGSEND = YES;
				GCC_C_LANGUAGE_STANDARD = gnu11;
				GCC_NO_COMMON_BLOCKS = YES;
				GCC_WARN_64_TO_32_BIT_CONVERSION = YES;
				GCC_WARN_ABOUT_RETURN_TYPE = YES_ERROR;
				GCC_WARN_UNDECLARED_SELECTOR = YES;
				GCC_WARN_UNINITIALIZED_AUTOS = YES_AGGRESSIVE;
				GCC_WARN_UNUSED_FUNCTION = YES;
				GCC_WARN_UNUSED_VARIABLE = YES;
				IPHONEOS_DEPLOYMENT_TARGET = 14.4;
				MTL_ENABLE_DEBUG_INFO = NO;
				MTL_FAST_MATH = YES;
				SDKROOT = iphoneos;
				SWIFT_COMPILATION_MODE = wholemodule;
				SWIFT_OPTIMIZATION_LEVEL = "-O";
				VALIDATE_PRODUCT = YES;
			};
			name = Release;
		};
		E032509B2623941400CBAC90 /* Debug */ = {
			isa = XCBuildConfiguration;
			buildSettings = {
				ASSETCATALOG_COMPILER_APPICON_NAME = AppIcon;
				ASSETCATALOG_COMPILER_GLOBAL_ACCENT_COLOR_NAME = AccentColor;
				CODE_SIGN_STYLE = Automatic;
				DEVELOPMENT_ASSET_PATHS = "\"BucketList Examples/Preview Content\"";
				ENABLE_PREVIEWS = YES;
				INFOPLIST_FILE = "BucketList Examples/Info.plist";
				LD_RUNPATH_SEARCH_PATHS = (
					"$(inherited)",
					"@executable_path/Frameworks",
				);
				PRODUCT_BUNDLE_IDENTIFIER = "com.pizzagreven.BucketList-Examples";
				PRODUCT_NAME = "$(TARGET_NAME)";
				SWIFT_VERSION = 5.0;
				TARGETED_DEVICE_FAMILY = "1,2";
			};
			name = Debug;
		};
		E032509C2623941400CBAC90 /* Release */ = {
			isa = XCBuildConfiguration;
			buildSettings = {
				ASSETCATALOG_COMPILER_APPICON_NAME = AppIcon;
				ASSETCATALOG_COMPILER_GLOBAL_ACCENT_COLOR_NAME = AccentColor;
				CODE_SIGN_STYLE = Automatic;
				DEVELOPMENT_ASSET_PATHS = "\"BucketList Examples/Preview Content\"";
				ENABLE_PREVIEWS = YES;
				INFOPLIST_FILE = "BucketList Examples/Info.plist";
				LD_RUNPATH_SEARCH_PATHS = (
					"$(inherited)",
					"@executable_path/Frameworks",
				);
				PRODUCT_BUNDLE_IDENTIFIER = "com.pizzagreven.BucketList-Examples";
				PRODUCT_NAME = "$(TARGET_NAME)";
				SWIFT_VERSION = 5.0;
				TARGETED_DEVICE_FAMILY = "1,2";
			};
			name = Release;
		};
/* End XCBuildConfiguration section */

/* Begin XCConfigurationList section */
		E03250812623941300CBAC90 /* Build configuration list for PBXProject "BucketList Examples" */ = {
			isa = XCConfigurationList;
			buildConfigurations = (
				E03250982623941400CBAC90 /* Debug */,
				E03250992623941400CBAC90 /* Release */,
			);
			defaultConfigurationIsVisible = 0;
			defaultConfigurationName = Release;
		};
		E032509A2623941400CBAC90 /* Build configuration list for PBXNativeTarget "BucketList Examples" */ = {
			isa = XCConfigurationList;
			buildConfigurations = (
				E032509B2623941400CBAC90 /* Debug */,
				E032509C2623941400CBAC90 /* Release */,
			);
			defaultConfigurationIsVisible = 0;
			defaultConfigurationName = Release;
		};
/* End XCConfigurationList section */
	};
	rootObject = E032507E2623941300CBAC90 /* Project object */;
}
